
Microsoft Visual Studio Solution File, Format Version 12.00
Project("{2150E333-8FDC-42A3-9474-1A3956D46DE8}") = "src", "src", "{0AB05F42-5558-4E55-A50F-CD61998A1699}"
EndProject
Project("{2150E333-8FDC-42A3-9474-1A3956D46DE8}") = "tests", "tests", "{9F30C687-C475-4E49-9303-3D9777E236E9}"
EndProject
Project("{FAE04EC0-301F-11D3-BF4B-00C04F79EFBC}") = "Domain", "src\Domain\Domain.csproj", "{C8EA78E9-0CB4-4446-89D2-28558B85BAE8}"
EndProject
Project("{FAE04EC0-301F-11D3-BF4B-00C04F79EFBC}") = "Infrastructure", "src\Infrastructure\Infrastructure.csproj", "{BBF8998B-7DE9-4DD6-86B0-EA090DD3A936}"
EndProject
Project("{FAE04EC0-301F-11D3-BF4B-00C04F79EFBC}") = "Application", "src\Application\Application.csproj", "{13B677E4-887D-4423-83F8-64BAA726CF04}"
EndProject
Project("{FAE04EC0-301F-11D3-BF4B-00C04F79EFBC}") = "WebAPI", "src\WebAPI\WebAPI.csproj", "{30E9EEDD-9920-48D4-BA64-F35E0A85F13A}"
EndProject
Global
	GlobalSection(SolutionConfigurationPlatforms) = preSolution
		Debug|Any CPU = Debug|Any CPU
		Release|Any CPU = Release|Any CPU
	EndGlobalSection
	GlobalSection(ProjectConfigurationPlatforms) = postSolution
		{C8EA78E9-0CB4-4446-89D2-28558B85BAE8}.Debug|Any CPU.ActiveCfg = Debug|Any CPU
		{C8EA78E9-0CB4-4446-89D2-28558B85BAE8}.Debug|Any CPU.Build.0 = Debug|Any CPU
		{C8EA78E9-0CB4-4446-89D2-28558B85BAE8}.Release|Any CPU.ActiveCfg = Release|Any CPU
		{C8EA78E9-0CB4-4446-89D2-28558B85BAE8}.Release|Any CPU.Build.0 = Release|Any CPU
		{BBF8998B-7DE9-4DD6-86B0-EA090DD3A936}.Debug|Any CPU.ActiveCfg = Debug|Any CPU
		{BBF8998B-7DE9-4DD6-86B0-EA090DD3A936}.Debug|Any CPU.Build.0 = Debug|Any CPU
		{BBF8998B-7DE9-4DD6-86B0-EA090DD3A936}.Release|Any CPU.ActiveCfg = Release|Any CPU
		{BBF8998B-7DE9-4DD6-86B0-EA090DD3A936}.Release|Any CPU.Build.0 = Release|Any CPU
		{13B677E4-887D-4423-83F8-64BAA726CF04}.Debug|Any CPU.ActiveCfg = Debug|Any CPU
		{13B677E4-887D-4423-83F8-64BAA726CF04}.Debug|Any CPU.Build.0 = Debug|Any CPU
		{13B677E4-887D-4423-83F8-64BAA726CF04}.Release|Any CPU.ActiveCfg = Release|Any CPU
		{13B677E4-887D-4423-83F8-64BAA726CF04}.Release|Any CPU.Build.0 = Release|Any CPU
		{30E9EEDD-9920-48D4-BA64-F35E0A85F13A}.Debug|Any CPU.ActiveCfg = Debug|Any CPU
		{30E9EEDD-9920-48D4-BA64-F35E0A85F13A}.Debug|Any CPU.Build.0 = Debug|Any CPU
		{30E9EEDD-9920-48D4-BA64-F35E0A85F13A}.Release|Any CPU.ActiveCfg = Release|Any CPU
		{30E9EEDD-9920-48D4-BA64-F35E0A85F13A}.Release|Any CPU.Build.0 = Release|Any CPU
	EndGlobalSection
	GlobalSection(NestedProjects) = preSolution
		{C8EA78E9-0CB4-4446-89D2-28558B85BAE8} = {0AB05F42-5558-4E55-A50F-CD61998A1699}
		{BBF8998B-7DE9-4DD6-86B0-EA090DD3A936} = {0AB05F42-5558-4E55-A50F-CD61998A1699}
		{13B677E4-887D-4423-83F8-64BAA726CF04} = {0AB05F42-5558-4E55-A50F-CD61998A1699}
		{30E9EEDD-9920-48D4-BA64-F35E0A85F13A} = {0AB05F42-5558-4E55-A50F-CD61998A1699}
	EndGlobalSection
EndGlobal
